
Microsoft Visual Studio Solution File, Format Version 12.00
# Visual Studio Version 17
VisualStudioVersion = 17.13.35931.197 d17.13
MinimumVisualStudioVersion = 10.0.40219.1
Project("{FAE04EC0-301F-11D3-BF4B-00C04F79EFBC}") = "TaxiApp.Backend.Api", "TaxiApp.Backend\TaxiApp.Backend.Api.csproj", "{551BE269-838A-4B40-90E2-7FBD8DCC196E}"
EndProject
Project("{FAE04EC0-301F-11D3-BF4B-00C04F79EFBC}") = "TaxiApp.Backend.Core", "TaxiApp.Backend.Core\TaxiApp.Backend.Core.csproj", "{5786319E-0601-436F-A9F4-AE11B174F7EA}"
EndProject
Project("{FAE04EC0-301F-11D3-BF4B-00C04F79EFBC}") = "TaxiApp.Backend.Infrastructure", "TaxiApp.Backend.Infrastructure\TaxiApp.Backend.Infrastructure.csproj", "{33ED0455-22BF-407D-9139-2330A380170D}"
EndProject
Global
	GlobalSection(SolutionConfigurationPlatforms) = preSolution
		Debug|Any CPU = Debug|Any CPU
		Release|Any CPU = Release|Any CPU
	EndGlobalSection
	GlobalSection(ProjectConfigurationPlatforms) = postSolution
		{551BE269-838A-4B40-90E2-7FBD8DCC196E}.Debug|Any CPU.ActiveCfg = Debug|Any CPU
		{551BE269-838A-4B40-90E2-7FBD8DCC196E}.Debug|Any CPU.Build.0 = Debug|Any CPU
		{551BE269-838A-4B40-90E2-7FBD8DCC196E}.Release|Any CPU.ActiveCfg = Release|Any CPU
		{551BE269-838A-4B40-90E2-7FBD8DCC196E}.Release|Any CPU.Build.0 = Release|Any CPU
		{5786319E-0601-436F-A9F4-AE11B174F7EA}.Debug|Any CPU.ActiveCfg = Debug|Any CPU
		{5786319E-0601-436F-A9F4-AE11B174F7EA}.Debug|Any CPU.Build.0 = Debug|Any CPU
		{5786319E-0601-436F-A9F4-AE11B174F7EA}.Release|Any CPU.ActiveCfg = Release|Any CPU
		{5786319E-0601-436F-A9F4-AE11B174F7EA}.Release|Any CPU.Build.0 = Release|Any CPU
		{33ED0455-22BF-407D-9139-2330A380170D}.Debug|Any CPU.ActiveCfg = Debug|Any CPU
		{33ED0455-22BF-407D-9139-2330A380170D}.Debug|Any CPU.Build.0 = Debug|Any CPU
		{33ED0455-22BF-407D-9139-2330A380170D}.Release|Any CPU.ActiveCfg = Release|Any CPU
		{33ED0455-22BF-407D-9139-2330A380170D}.Release|Any CPU.Build.0 = Release|Any CPU
	EndGlobalSection
	GlobalSection(SolutionProperties) = preSolution
		HideSolutionNode = FALSE
	EndGlobalSection
	GlobalSection(ExtensibilityGlobals) = postSolution
		SolutionGuid = {7CA717DD-1016-4E86-9BD9-59084C308748}
	EndGlobalSection
EndGlobal
